
Microsoft Visual Studio Solution File, Format Version 12.00
# Visual Studio Version 16
VisualStudioVersion = 16.0.31613.86
MinimumVisualStudioVersion = 10.0.40219.1
Project("{888888A0-9F3D-457C-B088-3A5042F75D52}") = "Snake", "PythonApplication1\Snake.pyproj", "{CE323CE3-2563-4853-A5AC-40FEA21FFD82}"
EndProject
Global
	GlobalSection(SolutionConfigurationPlatforms) = preSolution
		Debug|Any CPU = Debug|Any CPU
		Release|Any CPU = Release|Any CPU
	EndGlobalSection
	GlobalSection(ProjectConfigurationPlatforms) = postSolution
		{CE323CE3-2563-4853-A5AC-40FEA21FFD82}.Debug|Any CPU.ActiveCfg = Debug|Any CPU
		{CE323CE3-2563-4853-A5AC-40FEA21FFD82}.Release|Any CPU.ActiveCfg = Release|Any CPU
	EndGlobalSection
	GlobalSection(SolutionProperties) = preSolution
		HideSolutionNode = FALSE
	EndGlobalSection
	GlobalSection(ExtensibilityGlobals) = postSolution
		SolutionGuid = {0BE49098-C703-47F0-A008-5B2E7B3F3CE8}
	EndGlobalSection
EndGlobal
